
Microsoft Visual Studio Solution File, Format Version 12.00
# Visual Studio 2013
VisualStudioVersion = 12.0.30723.0
MinimumVisualStudioVersion = 10.0.40219.1
Project("{FAE04EC0-301F-11D3-BF4B-00C04F79EFBC}") = "EasyBinaryFile", "EasyBinaryFile\EasyBinaryFile.csproj", "{171F2398-76EE-4B4B-A698-5F938122FA81}"
EndProject
Project("{FAE04EC0-301F-11D3-BF4B-00C04F79EFBC}") = "EasyBinaryFile.Demo", "EasyBinaryFile.Demo\EasyBinaryFile.Demo.csproj", "{F2E39BDD-5A86-4D82-A6D9-2F53220535B2}"
EndProject
Project("{FAE04EC0-301F-11D3-BF4B-00C04F79EFBC}") = "EasyBinaryFile.Utility", "EasyBinaryFile.Utility\EasyBinaryFile.Utility.csproj", "{68387487-34C8-4DEB-B6F1-22D8C8A45B96}"
EndProject
Global
	GlobalSection(SolutionConfigurationPlatforms) = preSolution
		Debug|Any CPU = Debug|Any CPU
		Release|Any CPU = Release|Any CPU
	EndGlobalSection
	GlobalSection(ProjectConfigurationPlatforms) = postSolution
		{171F2398-76EE-4B4B-A698-5F938122FA81}.Debug|Any CPU.ActiveCfg = Debug|Any CPU
		{171F2398-76EE-4B4B-A698-5F938122FA81}.Debug|Any CPU.Build.0 = Debug|Any CPU
		{171F2398-76EE-4B4B-A698-5F938122FA81}.Release|Any CPU.ActiveCfg = Release|Any CPU
		{171F2398-76EE-4B4B-A698-5F938122FA81}.Release|Any CPU.Build.0 = Release|Any CPU
		{F2E39BDD-5A86-4D82-A6D9-2F53220535B2}.Debug|Any CPU.ActiveCfg = Debug|Any CPU
		{F2E39BDD-5A86-4D82-A6D9-2F53220535B2}.Debug|Any CPU.Build.0 = Debug|Any CPU
		{F2E39BDD-5A86-4D82-A6D9-2F53220535B2}.Release|Any CPU.ActiveCfg = Release|Any CPU
		{F2E39BDD-5A86-4D82-A6D9-2F53220535B2}.Release|Any CPU.Build.0 = Release|Any CPU
		{68387487-34C8-4DEB-B6F1-22D8C8A45B96}.Debug|Any CPU.ActiveCfg = Debug|Any CPU
		{68387487-34C8-4DEB-B6F1-22D8C8A45B96}.Debug|Any CPU.Build.0 = Debug|Any CPU
		{68387487-34C8-4DEB-B6F1-22D8C8A45B96}.Release|Any CPU.ActiveCfg = Release|Any CPU
		{68387487-34C8-4DEB-B6F1-22D8C8A45B96}.Release|Any CPU.Build.0 = Release|Any CPU
	EndGlobalSection
	GlobalSection(SolutionProperties) = preSolution
		HideSolutionNode = FALSE
	EndGlobalSection
EndGlobal
